// !$*UTF8*$!
{
	archiveVersion = 1;
	classes = {
	};
	objectVersion = 46;
	objects = {

/* Begin PBXBuildFile section */
		ACDC48A42050B1CC000B1AAD /* AppDelegate.swift in Sources */ = {isa = PBXBuildFile; fileRef = ACDC48A32050B1CC000B1AAD /* AppDelegate.swift */; };
		ACDC48A92050B1CC000B1AAD /* Main.storyboard in Resources */ = {isa = PBXBuildFile; fileRef = ACDC48A72050B1CC000B1AAD /* Main.storyboard */; };
		ACDC48AB2050B1CC000B1AAD /* Assets.xcassets in Resources */ = {isa = PBXBuildFile; fileRef = ACDC48AA2050B1CC000B1AAD /* Assets.xcassets */; };
		ACDC48AE2050B1CC000B1AAD /* LaunchScreen.storyboard in Resources */ = {isa = PBXBuildFile; fileRef = ACDC48AC2050B1CC000B1AAD /* LaunchScreen.storyboard */; };
		ACDC48B92050B1CC000B1AAD /* calendarTestTests.swift in Sources */ = {isa = PBXBuildFile; fileRef = ACDC48B82050B1CC000B1AAD /* calendarTestTests.swift */; };
		ACDC48C42050B1CC000B1AAD /* calendarTestUITests.swift in Sources */ = {isa = PBXBuildFile; fileRef = ACDC48C32050B1CC000B1AAD /* calendarTestUITests.swift */; };
		ACDC48D22050B34D000B1AAD /* CalendarViewController.swift in Sources */ = {isa = PBXBuildFile; fileRef = ACDC48D12050B34D000B1AAD /* CalendarViewController.swift */; };
		ACDC48D42050B413000B1AAD /* CalendarCollectionViewCell.swift in Sources */ = {isa = PBXBuildFile; fileRef = ACDC48D32050B413000B1AAD /* CalendarCollectionViewCell.swift */; };
/* End PBXBuildFile section */

/* Begin PBXContainerItemProxy section */
		ACDC48B52050B1CC000B1AAD /* PBXContainerItemProxy */ = {
			isa = PBXContainerItemProxy;
			containerPortal = ACDC48982050B1CB000B1AAD /* Project object */;
			proxyType = 1;
			remoteGlobalIDString = ACDC489F2050B1CB000B1AAD;
			remoteInfo = calendarTest;
		};
		ACDC48C02050B1CC000B1AAD /* PBXContainerItemProxy */ = {
			isa = PBXContainerItemProxy;
			containerPortal = ACDC48982050B1CB000B1AAD /* Project object */;
			proxyType = 1;
			remoteGlobalIDString = ACDC489F2050B1CB000B1AAD;
			remoteInfo = calendarTest;
		};
/* End PBXContainerItemProxy section */

/* Begin PBXFileReference section */
		ACDC48A02050B1CC000B1AAD /* calendarTest.app */ = {isa = PBXFileReference; explicitFileType = wrapper.application; includeInIndex = 0; path = calendarTest.app; sourceTree = BUILT_PRODUCTS_DIR; };
		ACDC48A32050B1CC000B1AAD /* AppDelegate.swift */ = {isa = PBXFileReference; lastKnownFileType = sourcecode.swift; path = AppDelegate.swift; sourceTree = "<group>"; };
		ACDC48A82050B1CC000B1AAD /* Base */ = {isa = PBXFileReference; lastKnownFileType = file.storyboard; name = Base; path = Base.lproj/Main.storyboard; sourceTree = "<group>"; };
		ACDC48AA2050B1CC000B1AAD /* Assets.xcassets */ = {isa = PBXFileReference; lastKnownFileType = folder.assetcatalog; path = Assets.xcassets; sourceTree = "<group>"; };
		ACDC48AD2050B1CC000B1AAD /* Base */ = {isa = PBXFileReference; lastKnownFileType = file.storyboard; name = Base; path = Base.lproj/LaunchScreen.storyboard; sourceTree = "<group>"; };
		ACDC48AF2050B1CC000B1AAD /* Info.plist */ = {isa = PBXFileReference; lastKnownFileType = text.plist.xml; path = Info.plist; sourceTree = "<group>"; };
		ACDC48B42050B1CC000B1AAD /* calendarTestTests.xctest */ = {isa = PBXFileReference; explicitFileType = wrapper.cfbundle; includeInIndex = 0; path = calendarTestTests.xctest; sourceTree = BUILT_PRODUCTS_DIR; };
		ACDC48B82050B1CC000B1AAD /* calendarTestTests.swift */ = {isa = PBXFileReference; lastKnownFileType = sourcecode.swift; path = calendarTestTests.swift; sourceTree = "<group>"; };
		ACDC48BA2050B1CC000B1AAD /* Info.plist */ = {isa = PBXFileReference; lastKnownFileType = text.plist.xml; path = Info.plist; sourceTree = "<group>"; };
		ACDC48BF2050B1CC000B1AAD /* calendarTestUITests.xctest */ = {isa = PBXFileReference; explicitFileType = wrapper.cfbundle; includeInIndex = 0; path = calendarTestUITests.xctest; sourceTree = BUILT_PRODUCTS_DIR; };
		ACDC48C32050B1CC000B1AAD /* calendarTestUITests.swift */ = {isa = PBXFileReference; lastKnownFileType = sourcecode.swift; path = calendarTestUITests.swift; sourceTree = "<group>"; };
		ACDC48C52050B1CC000B1AAD /* Info.plist */ = {isa = PBXFileReference; lastKnownFileType = text.plist.xml; path = Info.plist; sourceTree = "<group>"; };
		ACDC48D12050B34D000B1AAD /* CalendarViewController.swift */ = {isa = PBXFileReference; fileEncoding = 4; lastKnownFileType = sourcecode.swift; name = CalendarViewController.swift; path = ../CalendarViewController.swift; sourceTree = "<group>"; };
		ACDC48D32050B413000B1AAD /* CalendarCollectionViewCell.swift */ = {isa = PBXFileReference; fileEncoding = 4; lastKnownFileType = sourcecode.swift; name = CalendarCollectionViewCell.swift; path = ../CalendarCollectionViewCell.swift; sourceTree = "<group>"; };
/* End PBXFileReference section */

/* Begin PBXFrameworksBuildPhase section */
		ACDC489D2050B1CB000B1AAD /* Frameworks */ = {
			isa = PBXFrameworksBuildPhase;
			buildActionMask = 2147483647;
			files = (
			);
			runOnlyForDeploymentPostprocessing = 0;
		};
		ACDC48B12050B1CC000B1AAD /* Frameworks */ = {
			isa = PBXFrameworksBuildPhase;
			buildActionMask = 2147483647;
			files = (
			);
			runOnlyForDeploymentPostprocessing = 0;
		};
		ACDC48BC2050B1CC000B1AAD /* Frameworks */ = {
			isa = PBXFrameworksBuildPhase;
			buildActionMask = 2147483647;
			files = (
			);
			runOnlyForDeploymentPostprocessing = 0;
		};
/* End PBXFrameworksBuildPhase section */

/* Begin PBXGroup section */
		ACDC48972050B1CB000B1AAD = {
			isa = PBXGroup;
			children = (
				ACDC48A22050B1CC000B1AAD /* calendarTest */,
				ACDC48B72050B1CC000B1AAD /* calendarTestTests */,
				ACDC48C22050B1CC000B1AAD /* calendarTestUITests */,
				ACDC48A12050B1CC000B1AAD /* Products */,
			);
			sourceTree = "<group>";
		};
		ACDC48A12050B1CC000B1AAD /* Products */ = {
			isa = PBXGroup;
			children = (
				ACDC48A02050B1CC000B1AAD /* calendarTest.app */,
				ACDC48B42050B1CC000B1AAD /* calendarTestTests.xctest */,
				ACDC48BF2050B1CC000B1AAD /* calendarTestUITests.xctest */,
			);
			name = Products;
			sourceTree = "<group>";
		};
		ACDC48A22050B1CC000B1AAD /* calendarTest */ = {
			isa = PBXGroup;
			children = (
				ACDC48D32050B413000B1AAD /* CalendarCollectionViewCell.swift */,
				ACDC48A32050B1CC000B1AAD /* AppDelegate.swift */,
				ACDC48D12050B34D000B1AAD /* CalendarViewController.swift */,
				ACDC48A72050B1CC000B1AAD /* Main.storyboard */,
				ACDC48AA2050B1CC000B1AAD /* Assets.xcassets */,
				ACDC48AC2050B1CC000B1AAD /* LaunchScreen.storyboard */,
				ACDC48AF2050B1CC000B1AAD /* Info.plist */,
			);
			path = calendarTest;
			sourceTree = "<group>";
		};
		ACDC48B72050B1CC000B1AAD /* calendarTestTests */ = {
			isa = PBXGroup;
			children = (
				ACDC48B82050B1CC000B1AAD /* calendarTestTests.swift */,
				ACDC48BA2050B1CC000B1AAD /* Info.plist */,
			);
			path = calendarTestTests;
			sourceTree = "<group>";
		};
		ACDC48C22050B1CC000B1AAD /* calendarTestUITests */ = {
			isa = PBXGroup;
			children = (
				ACDC48C32050B1CC000B1AAD /* calendarTestUITests.swift */,
				ACDC48C52050B1CC000B1AAD /* Info.plist */,
			);
			path = calendarTestUITests;
			sourceTree = "<group>";
		};
/* End PBXGroup section */

/* Begin PBXNativeTarget section */
		ACDC489F2050B1CB000B1AAD /* calendarTest */ = {
			isa = PBXNativeTarget;
			buildConfigurationList = ACDC48C82050B1CC000B1AAD /* Build configuration list for PBXNativeTarget "calendarTest" */;
			buildPhases = (
				ACDC489C2050B1CB000B1AAD /* Sources */,
				ACDC489D2050B1CB000B1AAD /* Frameworks */,
				ACDC489E2050B1CB000B1AAD /* Resources */,
			);
			buildRules = (
			);
			dependencies = (
			);
			name = calendarTest;
			productName = calendarTest;
			productReference = ACDC48A02050B1CC000B1AAD /* calendarTest.app */;
			productType = "com.apple.product-type.application";
		};
		ACDC48B32050B1CC000B1AAD /* calendarTestTests */ = {
			isa = PBXNativeTarget;
			buildConfigurationList = ACDC48CB2050B1CC000B1AAD /* Build configuration list for PBXNativeTarget "calendarTestTests" */;
			buildPhases = (
				ACDC48B02050B1CC000B1AAD /* Sources */,
				ACDC48B12050B1CC000B1AAD /* Frameworks */,
				ACDC48B22050B1CC000B1AAD /* Resources */,
			);
			buildRules = (
			);
			dependencies = (
				ACDC48B62050B1CC000B1AAD /* PBXTargetDependency */,
			);
			name = calendarTestTests;
			productName = calendarTestTests;
			productReference = ACDC48B42050B1CC000B1AAD /* calendarTestTests.xctest */;
			productType = "com.apple.product-type.bundle.unit-test";
		};
		ACDC48BE2050B1CC000B1AAD /* calendarTestUITests */ = {
			isa = PBXNativeTarget;
			buildConfigurationList = ACDC48CE2050B1CC000B1AAD /* Build configuration list for PBXNativeTarget "calendarTestUITests" */;
			buildPhases = (
				ACDC48BB2050B1CC000B1AAD /* Sources */,
				ACDC48BC2050B1CC000B1AAD /* Frameworks */,
				ACDC48BD2050B1CC000B1AAD /* Resources */,
			);
			buildRules = (
			);
			dependencies = (
				ACDC48C12050B1CC000B1AAD /* PBXTargetDependency */,
			);
			name = calendarTestUITests;
			productName = calendarTestUITests;
			productReference = ACDC48BF2050B1CC000B1AAD /* calendarTestUITests.xctest */;
			productType = "com.apple.product-type.bundle.ui-testing";
		};
/* End PBXNativeTarget section */

/* Begin PBXProject section */
		ACDC48982050B1CB000B1AAD /* Project object */ = {
			isa = PBXProject;
			attributes = {
				LastSwiftUpdateCheck = 0830;
				LastUpgradeCheck = 0830;
				ORGANIZATIONNAME = "Guest User";
				TargetAttributes = {
					ACDC489F2050B1CB000B1AAD = {
						CreatedOnToolsVersion = 8.3.3;
						ProvisioningStyle = Automatic;
					};
					ACDC48B32050B1CC000B1AAD = {
						CreatedOnToolsVersion = 8.3.3;
						ProvisioningStyle = Automatic;
						TestTargetID = ACDC489F2050B1CB000B1AAD;
					};
					ACDC48BE2050B1CC000B1AAD = {
						CreatedOnToolsVersion = 8.3.3;
						ProvisioningStyle = Automatic;
						TestTargetID = ACDC489F2050B1CB000B1AAD;
					};
				};
			};
			buildConfigurationList = ACDC489B2050B1CB000B1AAD /* Build configuration list for PBXProject "calendarTest" */;
			compatibilityVersion = "Xcode 3.2";
			developmentRegion = English;
			hasScannedForEncodings = 0;
			knownRegions = (
				en,
				Base,
			);
			mainGroup = ACDC48972050B1CB000B1AAD;
			productRefGroup = ACDC48A12050B1CC000B1AAD /* Products */;
			projectDirPath = "";
			projectRoot = "";
			targets = (
				ACDC489F2050B1CB000B1AAD /* calendarTest */,
				ACDC48B32050B1CC000B1AAD /* calendarTestTests */,
				ACDC48BE2050B1CC000B1AAD /* calendarTestUITests */,
			);
		};
/* End PBXProject section */

/* Begin PBXResourcesBuildPhase section */
		ACDC489E2050B1CB000B1AAD /* Resources */ = {
			isa = PBXResourcesBuildPhase;
			buildActionMask = 2147483647;
			files = (
				ACDC48AE2050B1CC000B1AAD /* LaunchScreen.storyboard in Resources */,
				ACDC48AB2050B1CC000B1AAD /* Assets.xcassets in Resources */,
				ACDC48A92050B1CC000B1AAD /* Main.storyboard in Resources */,
			);
			runOnlyForDeploymentPostprocessing = 0;
		};
		ACDC48B22050B1CC000B1AAD /* Resources */ = {
			isa = PBXResourcesBuildPhase;
			buildActionMask = 2147483647;
			files = (
			);
			runOnlyForDeploymentPostprocessing = 0;
		};
		ACDC48BD2050B1CC000B1AAD /* Resources */ = {
			isa = PBXResourcesBuildPhase;
			buildActionMask = 2147483647;
			files = (
			);
			runOnlyForDeploymentPostprocessing = 0;
		};
/* End PBXResourcesBuildPhase section */

/* Begin PBXSourcesBuildPhase section */
		ACDC489C2050B1CB000B1AAD /* Sources */ = {
			isa = PBXSourcesBuildPhase;
			buildActionMask = 2147483647;
			files = (
				ACDC48D42050B413000B1AAD /* CalendarCollectionViewCell.swift in Sources */,
				ACDC48D22050B34D000B1AAD /* CalendarViewController.swift in Sources */,
				ACDC48A42050B1CC000B1AAD /* AppDelegate.swift in Sources */,
			);
			runOnlyForDeploymentPostprocessing = 0;
		};
		ACDC48B02050B1CC000B1AAD /* Sources */ = {
			isa = PBXSourcesBuildPhase;
			buildActionMask = 2147483647;
			files = (
				ACDC48B92050B1CC000B1AAD /* calendarTestTests.swift in Sources */,
			);
			runOnlyForDeploymentPostprocessing = 0;
		};
		ACDC48BB2050B1CC000B1AAD /* Sources */ = {
			isa = PBXSourcesBuildPhase;
			buildActionMask = 2147483647;
			files = (
				ACDC48C42050B1CC000B1AAD /* calendarTestUITests.swift in Sources */,
			);
			runOnlyForDeploymentPostprocessing = 0;
		};
/* End PBXSourcesBuildPhase section */

/* Begin PBXTargetDependency section */
		ACDC48B62050B1CC000B1AAD /* PBXTargetDependency */ = {
			isa = PBXTargetDependency;
			target = ACDC489F2050B1CB000B1AAD /* calendarTest */;
			targetProxy = ACDC48B52050B1CC000B1AAD /* PBXContainerItemProxy */;
		};
		ACDC48C12050B1CC000B1AAD /* PBXTargetDependency */ = {
			isa = PBXTargetDependency;
			target = ACDC489F2050B1CB000B1AAD /* calendarTest */;
			targetProxy = ACDC48C02050B1CC000B1AAD /* PBXContainerItemProxy */;
		};
/* End PBXTargetDependency section */

/* Begin PBXVariantGroup section */
		ACDC48A72050B1CC000B1AAD /* Main.storyboard */ = {
			isa = PBXVariantGroup;
			children = (
				ACDC48A82050B1CC000B1AAD /* Base */,
			);
			name = Main.storyboard;
			sourceTree = "<group>";
		};
		ACDC48AC2050B1CC000B1AAD /* LaunchScreen.storyboard */ = {
			isa = PBXVariantGroup;
			children = (
				ACDC48AD2050B1CC000B1AAD /* Base */,
			);
			name = LaunchScreen.storyboard;
			sourceTree = "<group>";
		};
/* End PBXVariantGroup section */

/* Begin XCBuildConfiguration section */
		ACDC48C62050B1CC000B1AAD /* Debug */ = {
			isa = XCBuildConfiguration;
			buildSettings = {
				ALWAYS_SEARCH_USER_PATHS = NO;
				CLANG_ANALYZER_NONNULL = YES;
				CLANG_ANALYZER_NUMBER_OBJECT_CONVERSION = YES_AGGRESSIVE;
				CLANG_CXX_LANGUAGE_STANDARD = "gnu++0x";
				CLANG_CXX_LIBRARY = "libc++";
				CLANG_ENABLE_MODULES = YES;
				CLANG_ENABLE_OBJC_ARC = YES;
				CLANG_WARN_BOOL_CONVERSION = YES;
				CLANG_WARN_CONSTANT_CONVERSION = YES;
				CLANG_WARN_DIRECT_OBJC_ISA_USAGE = YES_ERROR;
				CLANG_WARN_DOCUMENTATION_COMMENTS = YES;
				CLANG_WARN_EMPTY_BODY = YES;
				CLANG_WARN_ENUM_CONVERSION = YES;
				CLANG_WARN_INFINITE_RECURSION = YES;
				CLANG_WARN_INT_CONVERSION = YES;
				CLANG_WARN_OBJC_ROOT_CLASS = YES_ERROR;
				CLANG_WARN_SUSPICIOUS_MOVE = YES;
				CLANG_WARN_UNREACHABLE_CODE = YES;
				CLANG_WARN__DUPLICATE_METHOD_MATCH = YES;
				"CODE_SIGN_IDENTITY[sdk=iphoneos*]" = "iPhone Developer";
				COPY_PHASE_STRIP = NO;
				DEBUG_INFORMATION_FORMAT = dwarf;
				ENABLE_STRICT_OBJC_MSGSEND = YES;
				ENABLE_TESTABILITY = YES;
				GCC_C_LANGUAGE_STANDARD = gnu99;
				GCC_DYNAMIC_NO_PIC = NO;
				GCC_NO_COMMON_BLOCKS = YES;
				GCC_OPTIMIZATION_LEVEL = 0;
				GCC_PREPROCESSOR_DEFINITIONS = (
					"DEBUG=1",
					"$(inherited)",
				);
				GCC_WARN_64_TO_32_BIT_CONVERSION = YES;
				GCC_WARN_ABOUT_RETURN_TYPE = YES_ERROR;
				GCC_WARN_UNDECLARED_SELECTOR = YES;
				GCC_WARN_UNINITIALIZED_AUTOS = YES_AGGRESSIVE;
				GCC_WARN_UNUSED_FUNCTION = YES;
				GCC_WARN_UNUSED_VARIABLE = YES;
				IPHONEOS_DEPLOYMENT_TARGET = 10.3;
				MTL_ENABLE_DEBUG_INFO = YES;
				ONLY_ACTIVE_ARCH = YES;
				SDKROOT = iphoneos;
				SWIFT_ACTIVE_COMPILATION_CONDITIONS = DEBUG;
				SWIFT_OPTIMIZATION_LEVEL = "-Onone";
				TARGETED_DEVICE_FAMILY = "1,2";
			};
			name = Debug;
		};
		ACDC48C72050B1CC000B1AAD /* Release */ = {
			isa = XCBuildConfiguration;
			buildSettings = {
				ALWAYS_SEARCH_USER_PATHS = NO;
				CLANG_ANALYZER_NONNULL = YES;
				CLANG_ANALYZER_NUMBER_OBJECT_CONVERSION = YES_AGGRESSIVE;
				CLANG_CXX_LANGUAGE_STANDARD = "gnu++0x";
				CLANG_CXX_LIBRARY = "libc++";
				CLANG_ENABLE_MODULES = YES;
				CLANG_ENABLE_OBJC_ARC = YES;
				CLANG_WARN_BOOL_CONVERSION = YES;
				CLANG_WARN_CONSTANT_CONVERSION = YES;
				CLANG_WARN_DIRECT_OBJC_ISA_USAGE = YES_ERROR;
				CLANG_WARN_DOCUMENTATION_COMMENTS = YES;
				CLANG_WARN_EMPTY_BODY = YES;
				CLANG_WARN_ENUM_CONVERSION = YES;
				CLANG_WARN_INFINITE_RECURSION = YES;
				CLANG_WARN_INT_CONVERSION = YES;
				CLANG_WARN_OBJC_ROOT_CLASS = YES_ERROR;
				CLANG_WARN_SUSPICIOUS_MOVE = YES;
				CLANG_WARN_UNREACHABLE_CODE = YES;
				CLANG_WARN__DUPLICATE_METHOD_MATCH = YES;
				"CODE_SIGN_IDENTITY[sdk=iphoneos*]" = "iPhone Developer";
				COPY_PHASE_STRIP = NO;
				DEBUG_INFORMATION_FORMAT = "dwarf-with-dsym";
				ENABLE_NS_ASSERTIONS = NO;
				ENABLE_STRICT_OBJC_MSGSEND = YES;
				GCC_C_LANGUAGE_STANDARD = gnu99;
				GCC_NO_COMMON_BLOCKS = YES;
				GCC_WARN_64_TO_32_BIT_CONVERSION = YES;
				GCC_WARN_ABOUT_RETURN_TYPE = YES_ERROR;
				GCC_WARN_UNDECLARED_SELECTOR = YES;
				GCC_WARN_UNINITIALIZED_AUTOS = YES_AGGRESSIVE;
				GCC_WARN_UNUSED_FUNCTION = YES;
				GCC_WARN_UNUSED_VARIABLE = YES;
				IPHONEOS_DEPLOYMENT_TARGET = 10.3;
				MTL_ENABLE_DEBUG_INFO = NO;
				SDKROOT = iphoneos;
				SWIFT_OPTIMIZATION_LEVEL = "-Owholemodule";
				TARGETED_DEVICE_FAMILY = "1,2";
				VALIDATE_PRODUCT = YES;
			};
			name = Release;
		};
		ACDC48C92050B1CC000B1AAD /* Debug */ = {
			isa = XCBuildConfiguration;
			buildSettings = {
				ASSETCATALOG_COMPILER_APPICON_NAME = AppIcon;
				INFOPLIST_FILE = calendarTest/Info.plist;
				LD_RUNPATH_SEARCH_PATHS = "$(inherited) @executable_path/Frameworks";
				PRODUCT_BUNDLE_IDENTIFIER = IDK.calendarTest;
				PRODUCT_NAME = "$(TARGET_NAME)";
				SWIFT_VERSION = 3.0;
			};
			name = Debug;
		};
		ACDC48CA2050B1CC000B1AAD /* Release */ = {
			isa = XCBuildConfiguration;
			buildSettings = {
				ASSETCATALOG_COMPILER_APPICON_NAME = AppIcon;
				INFOPLIST_FILE = calendarTest/Info.plist;
				LD_RUNPATH_SEARCH_PATHS = "$(inherited) @executable_path/Frameworks";
				PRODUCT_BUNDLE_IDENTIFIER = IDK.calendarTest;
				PRODUCT_NAME = "$(TARGET_NAME)";
				SWIFT_VERSION = 3.0;
			};
			name = Release;
		};
		ACDC48CC2050B1CC000B1AAD /* Debug */ = {
			isa = XCBuildConfiguration;
			buildSettings = {
				ALWAYS_EMBED_SWIFT_STANDARD_LIBRARIES = YES;
				BUNDLE_LOADER = "$(TEST_HOST)";
				INFOPLIST_FILE = calendarTestTests/Info.plist;
				LD_RUNPATH_SEARCH_PATHS = "$(inherited) @executable_path/Frameworks @loader_path/Frameworks";
				PRODUCT_BUNDLE_IDENTIFIER = IDK.calendarTestTests;
				PRODUCT_NAME = "$(TARGET_NAME)";
				SWIFT_VERSION = 3.0;
				TEST_HOST = "$(BUILT_PRODUCTS_DIR)/calendarTest.app/calendarTest";
			};
			name = Debug;
		};
		ACDC48CD2050B1CC000B1AAD /* Release */ = {
			isa = XCBuildConfiguration;
			buildSettings = {
				ALWAYS_EMBED_SWIFT_STANDARD_LIBRARIES = YES;
				BUNDLE_LOADER = "$(TEST_HOST)";
				INFOPLIST_FILE = calendarTestTests/Info.plist;
				LD_RUNPATH_SEARCH_PATHS = "$(inherited) @executable_path/Frameworks @loader_path/Frameworks";
				PRODUCT_BUNDLE_IDENTIFIER = IDK.calendarTestTests;
				PRODUCT_NAME = "$(TARGET_NAME)";
				SWIFT_VERSION = 3.0;
				TEST_HOST = "$(BUILT_PRODUCTS_DIR)/calendarTest.app/calendarTest";
			};
			name = Release;
		};
		ACDC48CF2050B1CC000B1AAD /* Debug */ = {
			isa = XCBuildConfiguration;
			buildSettings = {
				ALWAYS_EMBED_SWIFT_STANDARD_LIBRARIES = YES;
				INFOPLIST_FILE = calendarTestUITests/Info.plist;
				LD_RUNPATH_SEARCH_PATHS = "$(inherited) @executable_path/Frameworks @loader_path/Frameworks";
				PRODUCT_BUNDLE_IDENTIFIER = IDK.calendarTestUITests;
				PRODUCT_NAME = "$(TARGET_NAME)";
				SWIFT_VERSION = 3.0;
				TEST_TARGET_NAME = calendarTest;
			};
			name = Debug;
		};
		ACDC48D02050B1CC000B1AAD /* Release */ = {
			isa = XCBuildConfiguration;
			buildSettings = {
				ALWAYS_EMBED_SWIFT_STANDARD_LIBRARIES = YES;
				INFOPLIST_FILE = calendarTestUITests/Info.plist;
				LD_RUNPATH_SEARCH_PATHS = "$(inherited) @executable_path/Frameworks @loader_path/Frameworks";
				PRODUCT_BUNDLE_IDENTIFIER = IDK.calendarTestUITests;
				PRODUCT_NAME = "$(TARGET_NAME)";
				SWIFT_VERSION = 3.0;
				TEST_TARGET_NAME = calendarTest;
			};
			name = Release;
		};
/* End XCBuildConfiguration section */

/* Begin XCConfigurationList section */
		ACDC489B2050B1CB000B1AAD /* Build configuration list for PBXProject "calendarTest" */ = {
			isa = XCConfigurationList;
			buildConfigurations = (
				ACDC48C62050B1CC000B1AAD /* Debug */,
				ACDC48C72050B1CC000B1AAD /* Release */,
			);
			defaultConfigurationIsVisible = 0;
			defaultConfigurationName = Release;
		};
		ACDC48C82050B1CC000B1AAD /* Build configuration list for PBXNativeTarget "calendarTest" */ = {
			isa = XCConfigurationList;
			buildConfigurations = (
				ACDC48C92050B1CC000B1AAD /* Debug */,
				ACDC48CA2050B1CC000B1AAD /* Release */,
			);
			defaultConfigurationIsVisible = 0;
		};
		ACDC48CB2050B1CC000B1AAD /* Build configuration list for PBXNativeTarget "calendarTestTests" */ = {
			isa = XCConfigurationList;
			buildConfigurations = (
				ACDC48CC2050B1CC000B1AAD /* Debug */,
				ACDC48CD2050B1CC000B1AAD /* Release */,
			);
			defaultConfigurationIsVisible = 0;
		};
		ACDC48CE2050B1CC000B1AAD /* Build configuration list for PBXNativeTarget "calendarTestUITests" */ = {
			isa = XCConfigurationList;
			buildConfigurations = (
				ACDC48CF2050B1CC000B1AAD /* Debug */,
				ACDC48D02050B1CC000B1AAD /* Release */,
			);
			defaultConfigurationIsVisible = 0;
		};
/* End XCConfigurationList section */
	};
	rootObject = ACDC48982050B1CB000B1AAD /* Project object */;
}
